
Microsoft Visual Studio Solution File, Format Version 12.00
# Visual Studio Version 17
VisualStudioVersion = 17.4.33205.214
MinimumVisualStudioVersion = 10.0.40219.1
Project("{FAE04EC0-301F-11D3-BF4B-00C04F79EFBC}") = "Miscelanea", "Miscelanea\Miscelanea.csproj", "{5562ED08-0B47-4355-BCBE-AAB03DF526EC}"
EndProject
Project("{FAE04EC0-301F-11D3-BF4B-00C04F79EFBC}") = "Core", "Core\Core.csproj", "{C5A9CEC9-BEC2-4816-AE88-D664D7944FDA}"
EndProject
Global
	GlobalSection(SolutionConfigurationPlatforms) = preSolution
		Debug|Any CPU = Debug|Any CPU
		Release|Any CPU = Release|Any CPU
	EndGlobalSection
	GlobalSection(ProjectConfigurationPlatforms) = postSolution
		{5562ED08-0B47-4355-BCBE-AAB03DF526EC}.Debug|Any CPU.ActiveCfg = Debug|Any CPU
		{5562ED08-0B47-4355-BCBE-AAB03DF526EC}.Debug|Any CPU.Build.0 = Debug|Any CPU
		{5562ED08-0B47-4355-BCBE-AAB03DF526EC}.Release|Any CPU.ActiveCfg = Release|Any CPU
		{5562ED08-0B47-4355-BCBE-AAB03DF526EC}.Release|Any CPU.Build.0 = Release|Any CPU
		{C5A9CEC9-BEC2-4816-AE88-D664D7944FDA}.Debug|Any CPU.ActiveCfg = Debug|Any CPU
		{C5A9CEC9-BEC2-4816-AE88-D664D7944FDA}.Debug|Any CPU.Build.0 = Debug|Any CPU
		{C5A9CEC9-BEC2-4816-AE88-D664D7944FDA}.Release|Any CPU.ActiveCfg = Release|Any CPU
		{C5A9CEC9-BEC2-4816-AE88-D664D7944FDA}.Release|Any CPU.Build.0 = Release|Any CPU
	EndGlobalSection
	GlobalSection(SolutionProperties) = preSolution
		HideSolutionNode = FALSE
	EndGlobalSection
	GlobalSection(ExtensibilityGlobals) = postSolution
		SolutionGuid = {CD7D666A-8B1A-4943-9632-808E2D919FFC}
	EndGlobalSection
EndGlobal
